PODS:
  - Aspects (1.4.1)
  - HPAOPSignal (0.1.0)

DEPENDENCIES:
  - Aspects
  - HPAOPSignal (from `../`)

SPEC REPOS:
  https://github.com/CocoaPods/Specs.git:
    - Aspects

EXTERNAL SOURCES:
  HPAOPSignal:
    :path: "../"

SPEC CHECKSUMS:
  Aspects: 7595ba96a6727a58ebcbfc954497fc5d2fdde546
  HPAOPSignal: 7beabf9a986c48eb05de3990e6c99f2101008ebd

PODFILE CHECKSUM: 6feebeb54c5fb63c711e87c30c29fceaab9d7158

COCOAPODS: 1.9.1
