PODS:
  - Aspects (1.4.1)
  - HPAOPSignal (0.1.0):
    - Aspects

DEPENDENCIES:
  - Aspects
  - HPAOPSignal (from `../`)

SPEC REPOS:
  https://github.com/CocoaPods/Specs.git:
    - Aspects

EXTERNAL SOURCES:
  HPAOPSignal:
    :path: "../"

SPEC CHECKSUMS:
  Aspects: 7595ba96a6727a58ebcbfc954497fc5d2fdde546
  HPAOPSignal: df018386fd9c35014388672be121a6a02a1b765d

PODFILE CHECKSUM: 6feebeb54c5fb63c711e87c30c29fceaab9d7158

COCOAPODS: 1.9.1
